PODS:
  - ArgumentParserKit (0.1.0)

DEPENDENCIES:
  - ArgumentParserKit (from `../`)

EXTERNAL SOURCES:
  ArgumentParserKit:
    :path: "../"

SPEC CHECKSUMS:
  ArgumentParserKit: 41c0b0be5f8e1202d8c30a287e35986895d10da9

PODFILE CHECKSUM: d0c83bc6a1867c76044e996488af6c879f7b1699

COCOAPODS: 1.5.3
