PODS:
  - ArgumentParserKit (0.1.0)

DEPENDENCIES:
  - ArgumentParserKit (from `../`)

EXTERNAL SOURCES:
  ArgumentParserKit:
    :path: "../"

SPEC CHECKSUMS:
  ArgumentParserKit: b828ba9f22f9b0b6335245f10a51ecd82dd8bc97

PODFILE CHECKSUM: d0c83bc6a1867c76044e996488af6c879f7b1699

COCOAPODS: 1.5.3
