PODS:
  - ArgumentParserKit (0.1.0)

DEPENDENCIES:
  - ArgumentParserKit (from `../`)

EXTERNAL SOURCES:
  ArgumentParserKit:
    :path: "../"

SPEC CHECKSUMS:
  ArgumentParserKit: 1f61b6d3cde9808bd3e15f9172f5e09123873832

PODFILE CHECKSUM: d0c83bc6a1867c76044e996488af6c879f7b1699

COCOAPODS: 1.5.3
